// !$*UTF8*$!
{
	archiveVersion = 1;
	classes = {
	};
	objectVersion = 77;
	objects = {

/* Begin PBXBuildFile section */
		517A6F452F191CF400194821 /* MapKit.framework in Frameworks */ = {isa = PBXBuildFile; fileRef = 517A6F442F191CF400194821 /* MapKit.framework */; };
		517A6F482F191CFF00194821 /* CoreLocationUI.framework in Frameworks */ = {isa = PBXBuildFile; fileRef = 517A6F462F191CFF00194821 /* CoreLocationUI.framework */; };
		517A6F492F191CFF00194821 /* CoreLocation.framework in Frameworks */ = {isa = PBXBuildFile; fileRef = 517A6F472F191CFF00194821 /* CoreLocation.framework */; };
		517F7A472F191722001354E0 /* SwiftKeychainWrapper in Frameworks */ = {isa = PBXBuildFile; productRef = 517F7A462F191722001354E0 /* SwiftKeychainWrapper */; settings = {ATTRIBUTES = (Weak, ); }; };
		51AEFC052F1968DE00A901D9 /* Alamofire in Frameworks */ = {isa = PBXBuildFile; productRef = 51AEFC042F1968DE00A901D9 /* Alamofire */; };
/* End PBXBuildFile section */

/* Begin PBXContainerItemProxy section */
		519CF5572EF3BBEC009C2829 /* PBXContainerItemProxy */ = {
			isa = PBXContainerItemProxy;
			containerPortal = 519CF53C2EF3BBEA009C2829 /* Project object */;
			proxyType = 1;
			remoteGlobalIDString = 519CF5432EF3BBEA009C2829;
			remoteInfo = iScrape;
		};
		519CF5612EF3BBEC009C2829 /* PBXContainerItemProxy */ = {
			isa = PBXContainerItemProxy;
			containerPortal = 519CF53C2EF3BBEA009C2829 /* Project object */;
			proxyType = 1;
			remoteGlobalIDString = 519CF5432EF3BBEA009C2829;
			remoteInfo = iScrape;
		};
/* End PBXContainerItemProxy section */

/* Begin PBXCopyFilesBuildPhase section */
		51AEFC032F19684A00A901D9 /* Embed Frameworks */ = {
			isa = PBXCopyFilesBuildPhase;
			buildActionMask = 2147483647;
			dstPath = "";
			dstSubfolderSpec = 10;
			files = (
			);
			name = "Embed Frameworks";
			runOnlyForDeploymentPostprocessing = 0;
		};
/* End PBXCopyFilesBuildPhase section */

/* Begin PBXFileReference section */
		517A6F442F191CF400194821 /* MapKit.framework */ = {isa = PBXFileReference; lastKnownFileType = wrapper.framework; name = MapKit.framework; path = System/Library/Frameworks/MapKit.framework; sourceTree = SDKROOT; };
		517A6F462F191CFF00194821 /* CoreLocationUI.framework */ = {isa = PBXFileReference; lastKnownFileType = wrapper.framework; name = CoreLocationUI.framework; path = System/Library/Frameworks/CoreLocationUI.framework; sourceTree = SDKROOT; };
		517A6F472F191CFF00194821 /* CoreLocation.framework */ = {isa = PBXFileReference; lastKnownFileType = wrapper.framework; name = CoreLocation.framework; path = System/Library/Frameworks/CoreLocation.framework; sourceTree = SDKROOT; };
		519CF5442EF3BBEA009C2829 /* AM_Hirer.app */ = {isa = PBXFileReference; explicitFileType = wrapper.application; includeInIndex = 0; path = AM_Hirer.app; sourceTree = BUILT_PRODUCTS_DIR; };
		519CF5562EF3BBEC009C2829 /* AM_HirerTests.xctest */ = {isa = PBXFileReference; explicitFileType = wrapper.cfbundle; includeInIndex = 0; path = AM_HirerTests.xctest; sourceTree = BUILT_PRODUCTS_DIR; };
		519CF5602EF3BBEC009C2829 /* AM_HirerUITests.xctest */ = {isa = PBXFileReference; explicitFileType = wrapper.cfbundle; includeInIndex = 0; path = AM_HirerUITests.xctest; sourceTree = BUILT_PRODUCTS_DIR; };
/* End PBXFileReference section */

/* Begin PBXFileSystemSynchronizedRootGroup section */
		519CF5462EF3BBEA009C2829 /* AM_Hirer */ = {
			isa = PBXFileSystemSynchronizedRootGroup;
			path = AM_Hirer;
			sourceTree = "<group>";
		};
		519CF5592EF3BBEC009C2829 /* AM_HirerTests */ = {
			isa = PBXFileSystemSynchronizedRootGroup;
			path = AM_HirerTests;
			sourceTree = "<group>";
		};
		519CF5632EF3BBEC009C2829 /* AM_HirerUITests */ = {
			isa = PBXFileSystemSynchronizedRootGroup;
			path = AM_HirerUITests;
			sourceTree = "<group>";
		};
/* End PBXFileSystemSynchronizedRootGroup section */

/* Begin PBXFrameworksBuildPhase section */
		519CF5412EF3BBEA009C2829 /* Frameworks */ = {
			isa = PBXFrameworksBuildPhase;
			buildActionMask = 2147483647;
			files = (
				517A6F492F191CFF00194821 /* CoreLocation.framework in Frameworks */,
				517A6F452F191CF400194821 /* MapKit.framework in Frameworks */,
				51AEFC052F1968DE00A901D9 /* Alamofire in Frameworks */,
				517A6F482F191CFF00194821 /* CoreLocationUI.framework in Frameworks */,
				517F7A472F191722001354E0 /* SwiftKeychainWrapper in Frameworks */,
			);
			runOnlyForDeploymentPostprocessing = 0;
		};
		519CF5532EF3BBEC009C2829 /* Frameworks */ = {
			isa = PBXFrameworksBuildPhase;
			buildActionMask = 2147483647;
			files = (
			);
			runOnlyForDeploymentPostprocessing = 0;
		};
		519CF55D2EF3BBEC009C2829 /* Frameworks */ = {
			isa = PBXFrameworksBuildPhase;
			buildActionMask = 2147483647;
			files = (
			);
			runOnlyForDeploymentPostprocessing = 0;
		};
/* End PBXFrameworksBuildPhase section */

/* Begin PBXGroup section */
		517A6F432F191CF400194821 /* Frameworks */ = {
			isa = PBXGroup;
			children = (
				517A6F472F191CFF00194821 /* CoreLocation.framework */,
				517A6F462F191CFF00194821 /* CoreLocationUI.framework */,
				517A6F442F191CF400194821 /* MapKit.framework */,
			);
			name = Frameworks;
			sourceTree = "<group>";
		};
		519CF53B2EF3BBEA009C2829 = {
			isa = PBXGroup;
			children = (
				519CF5462EF3BBEA009C2829 /* AM_Hirer */,
				519CF5592EF3BBEC009C2829 /* AM_HirerTests */,
				519CF5632EF3BBEC009C2829 /* AM_HirerUITests */,
				517A6F432F191CF400194821 /* Frameworks */,
				519CF5452EF3BBEA009C2829 /* Products */,
			);
			sourceTree = "<group>";
		};
		519CF5452EF3BBEA009C2829 /* Products */ = {
			isa = PBXGroup;
			children = (
				519CF5442EF3BBEA009C2829 /* AM_Hirer.app */,
				519CF5562EF3BBEC009C2829 /* AM_HirerTests.xctest */,
				519CF5602EF3BBEC009C2829 /* AM_HirerUITests.xctest */,
			);
			name = Products;
			sourceTree = "<group>";
		};
/* End PBXGroup section */

/* Begin PBXNativeTarget section */
		519CF5432EF3BBEA009C2829 /* AM_Hirer */ = {
			isa = PBXNativeTarget;
			buildConfigurationList = 519CF56A2EF3BBEC009C2829 /* Build configuration list for PBXNativeTarget "AM_Hirer" */;
			buildPhases = (
				519CF5402EF3BBEA009C2829 /* Sources */,
				519CF5412EF3BBEA009C2829 /* Frameworks */,
				519CF5422EF3BBEA009C2829 /* Resources */,
				51AEFC032F19684A00A901D9 /* Embed Frameworks */,
			);
			buildRules = (
			);
			dependencies = (
			);
			fileSystemSynchronizedGroups = (
				519CF5462EF3BBEA009C2829 /* AM_Hirer */,
			);
			name = AM_Hirer;
			packageProductDependencies = (
				517F7A462F191722001354E0 /* SwiftKeychainWrapper */,
				51AEFC042F1968DE00A901D9 /* Alamofire */,
			);
			productName = iScrape;
			productReference = 519CF5442EF3BBEA009C2829 /* AM_Hirer.app */;
			productType = "com.apple.product-type.application";
		};
		519CF5552EF3BBEC009C2829 /* AM_HirerTests */ = {
			isa = PBXNativeTarget;
			buildConfigurationList = 519CF56D2EF3BBEC009C2829 /* Build configuration list for PBXNativeTarget "AM_HirerTests" */;
			buildPhases = (
				519CF5522EF3BBEC009C2829 /* Sources */,
				519CF5532EF3BBEC009C2829 /* Frameworks */,
				519CF5542EF3BBEC009C2829 /* Resources */,
			);
			buildRules = (
			);
			dependencies = (
				519CF5582EF3BBEC009C2829 /* PBXTargetDependency */,
			);
			fileSystemSynchronizedGroups = (
				519CF5592EF3BBEC009C2829 /* AM_HirerTests */,
			);
			name = AM_HirerTests;
			packageProductDependencies = (
			);
			productName = iScrapeTests;
			productReference = 519CF5562EF3BBEC009C2829 /* AM_HirerTests.xctest */;
			productType = "com.apple.product-type.bundle.unit-test";
		};
		519CF55F2EF3BBEC009C2829 /* AM_HirerUITests */ = {
			isa = PBXNativeTarget;
			buildConfigurationList = 519CF5702EF3BBEC009C2829 /* Build configuration list for PBXNativeTarget "AM_HirerUITests" */;
			buildPhases = (
				519CF55C2EF3BBEC009C2829 /* Sources */,
				519CF55D2EF3BBEC009C2829 /* Frameworks */,
				519CF55E2EF3BBEC009C2829 /* Resources */,
			);
			buildRules = (
			);
			dependencies = (
				519CF5622EF3BBEC009C2829 /* PBXTargetDependency */,
			);
			fileSystemSynchronizedGroups = (
				519CF5632EF3BBEC009C2829 /* AM_HirerUITests */,
			);
			name = AM_HirerUITests;
			packageProductDependencies = (
			);
			productName = iScrapeUITests;
			productReference = 519CF5602EF3BBEC009C2829 /* AM_HirerUITests.xctest */;
			productType = "com.apple.product-type.bundle.ui-testing";
		};
/* End PBXNativeTarget section */

/* Begin PBXProject section */
		519CF53C2EF3BBEA009C2829 /* Project object */ = {
			isa = PBXProject;
			attributes = {
				BuildIndependentTargetsInParallel = 1;
				LastSwiftUpdateCheck = 2620;
				LastUpgradeCheck = 2620;
				TargetAttributes = {
					519CF5432EF3BBEA009C2829 = {
						CreatedOnToolsVersion = 26.2;
					};
					519CF5552EF3BBEC009C2829 = {
						CreatedOnToolsVersion = 26.2;
						TestTargetID = 519CF5432EF3BBEA009C2829;
					};
					519CF55F2EF3BBEC009C2829 = {
						CreatedOnToolsVersion = 26.2;
						TestTargetID = 519CF5432EF3BBEA009C2829;
					};
				};
			};
			buildConfigurationList = 519CF53F2EF3BBEA009C2829 /* Build configuration list for PBXProject "AM_Hirer" */;
			developmentRegion = en;
			hasScannedForEncodings = 0;
			knownRegions = (
				en,
				Base,
			);
			mainGroup = 519CF53B2EF3BBEA009C2829;
			minimizedProjectReferenceProxies = 1;
			packageReferences = (
				517F7A452F191722001354E0 /* XCLocalSwiftPackageReference "../../../../../Downloads/SwiftKeychainWrapper-develop" */,
				517A6F802F19536600194821 /* XCRemoteSwiftPackageReference "Alamofire" */,
			);
			preferredProjectObjectVersion = 77;
			productRefGroup = 519CF5452EF3BBEA009C2829 /* Products */;
			projectDirPath = "";
			projectRoot = "";
			targets = (
				519CF5432EF3BBEA009C2829 /* AM_Hirer */,
				519CF5552EF3BBEC009C2829 /* AM_HirerTests */,
				519CF55F2EF3BBEC009C2829 /* AM_HirerUITests */,
			);
		};
/* End PBXProject section */

/* Begin PBXResourcesBuildPhase section */
		519CF5422EF3BBEA009C2829 /* Resources */ = {
			isa = PBXResourcesBuildPhase;
			buildActionMask = 2147483647;
			files = (
			);
			runOnlyForDeploymentPostprocessing = 0;
		};
		519CF5542EF3BBEC009C2829 /* Resources */ = {
			isa = PBXResourcesBuildPhase;
			buildActionMask = 2147483647;
			files = (
			);
			runOnlyForDeploymentPostprocessing = 0;
		};
		519CF55E2EF3BBEC009C2829 /* Resources */ = {
			isa = PBXResourcesBuildPhase;
			buildActionMask = 2147483647;
			files = (
			);
			runOnlyForDeploymentPostprocessing = 0;
		};
/* End PBXResourcesBuildPhase section */

/* Begin PBXSourcesBuildPhase section */
		519CF5402EF3BBEA009C2829 /* Sources */ = {
			isa = PBXSourcesBuildPhase;
			buildActionMask = 2147483647;
			files = (
			);
			runOnlyForDeploymentPostprocessing = 0;
		};
		519CF5522EF3BBEC009C2829 /* Sources */ = {
			isa = PBXSourcesBuildPhase;
			buildActionMask = 2147483647;
			files = (
			);
			runOnlyForDeploymentPostprocessing = 0;
		};
		519CF55C2EF3BBEC009C2829 /* Sources */ = {
			isa = PBXSourcesBuildPhase;
			buildActionMask = 2147483647;
			files = (
			);
			runOnlyForDeploymentPostprocessing = 0;
		};
/* End PBXSourcesBuildPhase section */

/* Begin PBXTargetDependency section */
		519CF5582EF3BBEC009C2829 /* PBXTargetDependency */ = {
			isa = PBXTargetDependency;
			target = 519CF5432EF3BBEA009C2829 /* AM_Hirer */;
			targetProxy = 519CF5572EF3BBEC009C2829 /* PBXContainerItemProxy */;
		};
		519CF5622EF3BBEC009C2829 /* PBXTargetDependency */ = {
			isa = PBXTargetDependency;
			target = 519CF5432EF3BBEA009C2829 /* AM_Hirer */;
			targetProxy = 519CF5612EF3BBEC009C2829 /* PBXContainerItemProxy */;
		};
/* End PBXTargetDependency section */

/* Begin XCBuildConfiguration section */
		519CF5682EF3BBEC009C2829 /* Debug */ = {
			isa = XCBuildConfiguration;
			buildSettings = {
				ALWAYS_SEARCH_USER_PATHS = NO;
				ASSETCATALOG_COMPILER_GENERATE_SWIFT_ASSET_SYMBOL_EXTENSIONS = YES;
				CLANG_ANALYZER_NONNULL = YES;
				CLANG_ANALYZER_NUMBER_OBJECT_CONVERSION = YES_AGGRESSIVE;
				CLANG_CXX_LANGUAGE_STANDARD = "gnu++20";
				CLANG_ENABLE_MODULES = YES;
				CLANG_ENABLE_OBJC_ARC = YES;
				CLANG_ENABLE_OBJC_WEAK = YES;
				CLANG_WARN_BLOCK_CAPTURE_AUTORELEASING = YES;
				CLANG_WARN_BOOL_CONVERSION = YES;
				CLANG_WARN_COMMA = YES;
				CLANG_WARN_CONSTANT_CONVERSION = YES;
				CLANG_WARN_DEPRECATED_OBJC_IMPLEMENTATIONS = YES;
				CLANG_WARN_DIRECT_OBJC_ISA_USAGE = YES_ERROR;
				CLANG_WARN_DOCUMENTATION_COMMENTS = YES;
				CLANG_WARN_EMPTY_BODY = YES;
				CLANG_WARN_ENUM_CONVERSION = YES;
				CLANG_WARN_INFINITE_RECURSION = YES;
				CLANG_WARN_INT_CONVERSION = YES;
				CLANG_WARN_NON_LITERAL_NULL_CONVERSION = YES;
				CLANG_WARN_OBJC_IMPLICIT_RETAIN_SELF = YES;
				CLANG_WARN_OBJC_LITERAL_CONVERSION = YES;
				CLANG_WARN_OBJC_ROOT_CLASS = YES_ERROR;
				CLANG_WARN_QUOTED_INCLUDE_IN_FRAMEWORK_HEADER = YES;
				CLANG_WARN_RANGE_LOOP_ANALYSIS = YES;
				CLANG_WARN_STRICT_PROTOTYPES = YES;
				CLANG_WARN_SUSPICIOUS_MOVE = YES;
				CLANG_WARN_UNGUARDED_AVAILABILITY = YES_AGGRESSIVE;
				CLANG_WARN_UNREACHABLE_CODE = YES;
				CLANG_WARN__DUPLICATE_METHOD_MATCH = YES;
				COPY_PHASE_STRIP = NO;
				DEBUG_INFORMATION_FORMAT = dwarf;
				DEVELOPMENT_TEAM = ZH33H73W67;
				ENABLE_STRICT_OBJC_MSGSEND = YES;
				ENABLE_TESTABILITY = YES;
				ENABLE_USER_SCRIPT_SANDBOXING = YES;
				GCC_C_LANGUAGE_STANDARD = gnu17;
				GCC_DYNAMIC_NO_PIC = NO;
				GCC_NO_COMMON_BLOCKS = YES;
				GCC_OPTIMIZATION_LEVEL = 0;
				GCC_PREPROCESSOR_DEFINITIONS = (
					"DEBUG=1",
					"$(inherited)",
				);
				GCC_WARN_64_TO_32_BIT_CONVERSION = YES;
				GCC_WARN_ABOUT_RETURN_TYPE = YES_ERROR;
				GCC_WARN_UNDECLARED_SELECTOR = YES;
				GCC_WARN_UNINITIALIZED_AUTOS = YES_AGGRESSIVE;
				GCC_WARN_UNUSED_FUNCTION = YES;
				GCC_WARN_UNUSED_VARIABLE = YES;
				IPHONEOS_DEPLOYMENT_TARGET = 26.2;
				LOCALIZATION_PREFERS_STRING_CATALOGS = YES;
				MTL_ENABLE_DEBUG_INFO = INCLUDE_SOURCE;
				MTL_FAST_MATH = YES;
				ONLY_ACTIVE_ARCH = YES;
				SDKROOT = iphoneos;
				SWIFT_ACTIVE_COMPILATION_CONDITIONS = "DEBUG $(inherited)";
				SWIFT_OPTIMIZATION_LEVEL = "-Onone";
			};
			name = Debug;
		};
		519CF5692EF3BBEC009C2829 /* Release */ = {
			isa = XCBuildConfiguration;
			buildSettings = {
				ALWAYS_SEARCH_USER_PATHS = NO;
				ASSETCATALOG_COMPILER_GENERATE_SWIFT_ASSET_SYMBOL_EXTENSIONS = YES;
				CLANG_ANALYZER_NONNULL = YES;
				CLANG_ANALYZER_NUMBER_OBJECT_CONVERSION = YES_AGGRESSIVE;
				CLANG_CXX_LANGUAGE_STANDARD = "gnu++20";
				CLANG_ENABLE_MODULES = YES;
				CLANG_ENABLE_OBJC_ARC = YES;
				CLANG_ENABLE_OBJC_WEAK = YES;
				CLANG_WARN_BLOCK_CAPTURE_AUTORELEASING = YES;
				CLANG_WARN_BOOL_CONVERSION = YES;
				CLANG_WARN_COMMA = YES;
				CLANG_WARN_CONSTANT_CONVERSION = YES;
				CLANG_WARN_DEPRECATED_OBJC_IMPLEMENTATIONS = YES;
				CLANG_WARN_DIRECT_OBJC_ISA_USAGE = YES_ERROR;
				CLANG_WARN_DOCUMENTATION_COMMENTS = YES;
				CLANG_WARN_EMPTY_BODY = YES;
				CLANG_WARN_ENUM_CONVERSION = YES;
				CLANG_WARN_INFINITE_RECURSION = YES;
				CLANG_WARN_INT_CONVERSION = YES;
				CLANG_WARN_NON_LITERAL_NULL_CONVERSION = YES;
				CLANG_WARN_OBJC_IMPLICIT_RETAIN_SELF = YES;
				CLANG_WARN_OBJC_LITERAL_CONVERSION = YES;
				CLANG_WARN_OBJC_ROOT_CLASS = YES_ERROR;
				CLANG_WARN_QUOTED_INCLUDE_IN_FRAMEWORK_HEADER = YES;
				CLANG_WARN_RANGE_LOOP_ANALYSIS = YES;
				CLANG_WARN_STRICT_PROTOTYPES = YES;
				CLANG_WARN_SUSPICIOUS_MOVE = YES;
				CLANG_WARN_UNGUARDED_AVAILABILITY = YES_AGGRESSIVE;
				CLANG_WARN_UNREACHABLE_CODE = YES;
				CLANG_WARN__DUPLICATE_METHOD_MATCH = YES;
				COPY_PHASE_STRIP = NO;
				DEBUG_INFORMATION_FORMAT = "dwarf-with-dsym";
				DEVELOPMENT_TEAM = ZH33H73W67;
				ENABLE_NS_ASSERTIONS = NO;
				ENABLE_STRICT_OBJC_MSGSEND = YES;
				ENABLE_USER_SCRIPT_SANDBOXING = YES;
				GCC_C_LANGUAGE_STANDARD = gnu17;
				GCC_NO_COMMON_BLOCKS = YES;
				GCC_WARN_64_TO_32_BIT_CONVERSION = YES;
				GCC_WARN_ABOUT_RETURN_TYPE = YES_ERROR;
				GCC_WARN_UNDECLARED_SELECTOR = YES;
				GCC_WARN_UNINITIALIZED_AUTOS = YES_AGGRESSIVE;
				GCC_WARN_UNUSED_FUNCTION = YES;
				GCC_WARN_UNUSED_VARIABLE = YES;
				IPHONEOS_DEPLOYMENT_TARGET = 26.2;
				LOCALIZATION_PREFERS_STRING_CATALOGS = YES;
				MTL_ENABLE_DEBUG_INFO = NO;
				MTL_FAST_MATH = YES;
				ONLY_ACTIVE_ARCH = YES;
				SDKROOT = iphoneos;
				SWIFT_COMPILATION_MODE = wholemodule;
				VALIDATE_PRODUCT = YES;
			};
			name = Release;
		};
		519CF56B2EF3BBEC009C2829 /* Debug */ = {
			isa = XCBuildConfiguration;
			buildSettings = {
				ASSETCATALOG_COMPILER_APPICON_NAME = AppIcon;
				ASSETCATALOG_COMPILER_GLOBAL_ACCENT_COLOR_NAME = AccentColor;
				ASSETCATALOG_COMPILER_INCLUDE_ALL_APPICON_ASSETS = YES;
				CODE_SIGN_ENTITLEMENTS = AM_Hirer/AM_Hirer.entitlements;
				CODE_SIGN_STYLE = Automatic;
				CURRENT_PROJECT_VERSION = 0.1.4;
				DEVELOPMENT_ASSET_PATHS = AM_Hirer/login_background_light.storyboard;
				DEVELOPMENT_TEAM = ZH33H73W67;
				ENABLE_PREVIEWS = YES;
				GENERATE_INFOPLIST_FILE = YES;
				INFOPLIST_FILE = "AM-Hirer-Info.plist";
				INFOPLIST_KEY_CFBundleDisplayName = "HIRE-R";
				INFOPLIST_KEY_LSApplicationCategoryType = "public.app-category.business";
				INFOPLIST_KEY_LSSupportsOpeningDocumentsInPlace = YES;
				INFOPLIST_KEY_NSLocationAlwaysAndWhenInUseUsageDescription = "We provide navigation and real-time route adjustments during travel, or idle, without the need to keep the device on, preserving battery life and device health.";
				INFOPLIST_KEY_NSLocationWhenInUseUsageDescription = "We provide navigation and real-time route adjustments during travel, or idle, without the need to keep the device on, preserving battery life and device health.";
				INFOPLIST_KEY_NSPhotoLibraryUsageDescription = "We add the downloaded photos into the local library.";
				INFOPLIST_KEY_UIApplicationSceneManifest_Generation = YES;
				INFOPLIST_KEY_UIApplicationSupportsIndirectInputEvents = YES;
				INFOPLIST_KEY_UILaunchScreen_Generation = YES;
				INFOPLIST_KEY_UISupportedInterfaceOrientations_iPad = "UIInterfaceOrientationPortrait UIInterfaceOrientationPortraitUpsideDown UIInterfaceOrientationLandscapeLeft UIInterfaceOrientationLandscapeRight";
				INFOPLIST_KEY_UISupportedInterfaceOrientations_iPhone = "UIInterfaceOrientationPortrait UIInterfaceOrientationLandscapeLeft UIInterfaceOrientationLandscapeRight";
				INFOPLIST_KEY_UISupportsDocumentBrowser = YES;
				IPHONEOS_DEPLOYMENT_TARGET = 18.6;
				LD_RUNPATH_SEARCH_PATHS = (
					"$(inherited)",
					"@executable_path/Frameworks",
				);
				MARKETING_VERSION = 0.1.4;
				PRODUCT_BUNDLE_IDENTIFIER = "AMS.matthewmclellan.AM-Hirer";
				PRODUCT_NAME = "$(TARGET_NAME)";
				STRING_CATALOG_GENERATE_SYMBOLS = YES;
				SUPPORTED_PLATFORMS = "iphoneos iphonesimulator";
				SUPPORTS_MACCATALYST = NO;
				SUPPORTS_XR_DESIGNED_FOR_IPHONE_IPAD = NO;
				SWIFT_APPROACHABLE_CONCURRENCY = YES;
				SWIFT_DEFAULT_ACTOR_ISOLATION = MainActor;
				SWIFT_EMIT_LOC_STRINGS = YES;
				SWIFT_UPCOMING_FEATURE_MEMBER_IMPORT_VISIBILITY = YES;
				SWIFT_VERSION = 5.0;
				TARGETED_DEVICE_FAMILY = "1,2";
			};
			name = Debug;
		};
		519CF56C2EF3BBEC009C2829 /* Release */ = {
			isa = XCBuildConfiguration;
			buildSettings = {
				ASSETCATALOG_COMPILER_APPICON_NAME = AppIcon;
				ASSETCATALOG_COMPILER_GLOBAL_ACCENT_COLOR_NAME = AccentColor;
				ASSETCATALOG_COMPILER_INCLUDE_ALL_APPICON_ASSETS = YES;
				CODE_SIGN_ENTITLEMENTS = AM_Hirer/AM_Hirer.entitlements;
				CODE_SIGN_STYLE = Automatic;
				CURRENT_PROJECT_VERSION = 0.1.4;
				DEVELOPMENT_ASSET_PATHS = AM_Hirer/login_background_light.storyboard;
				DEVELOPMENT_TEAM = ZH33H73W67;
				ENABLE_PREVIEWS = YES;
				GENERATE_INFOPLIST_FILE = YES;
				INFOPLIST_FILE = "AM-Hirer-Info.plist";
				INFOPLIST_KEY_CFBundleDisplayName = "HIRE-R";
				INFOPLIST_KEY_LSApplicationCategoryType = "public.app-category.business";
				INFOPLIST_KEY_LSSupportsOpeningDocumentsInPlace = YES;
				INFOPLIST_KEY_NSLocationAlwaysAndWhenInUseUsageDescription = "We provide navigation and real-time route adjustments during travel, or idle, without the need to keep the device on, preserving battery life and device health.";
				INFOPLIST_KEY_NSLocationWhenInUseUsageDescription = "We provide navigation and real-time route adjustments during travel, or idle, without the need to keep the device on, preserving battery life and device health.";
				INFOPLIST_KEY_NSPhotoLibraryUsageDescription = "We add the downloaded photos into the local library.";
				INFOPLIST_KEY_UIApplicationSceneManifest_Generation = YES;
				INFOPLIST_KEY_UIApplicationSupportsIndirectInputEvents = YES;
				INFOPLIST_KEY_UILaunchScreen_Generation = YES;
				INFOPLIST_KEY_UISupportedInterfaceOrientations_iPad = "UIInterfaceOrientationPortrait UIInterfaceOrientationPortraitUpsideDown UIInterfaceOrientationLandscapeLeft UIInterfaceOrientationLandscapeRight";
				INFOPLIST_KEY_UISupportedInterfaceOrientations_iPhone = "UIInterfaceOrientationPortrait UIInterfaceOrientationLandscapeLeft UIInterfaceOrientationLandscapeRight";
				INFOPLIST_KEY_UISupportsDocumentBrowser = YES;
				IPHONEOS_DEPLOYMENT_TARGET = 18.6;
				LD_RUNPATH_SEARCH_PATHS = (
					"$(inherited)",
					"@executable_path/Frameworks",
				);
				MARKETING_VERSION = 0.1.4;
				PRODUCT_BUNDLE_IDENTIFIER = "AMS.matthewmclellan.AM-Hirer";
				PRODUCT_NAME = "$(TARGET_NAME)";
				STRING_CATALOG_GENERATE_SYMBOLS = YES;
				SUPPORTED_PLATFORMS = "iphoneos iphonesimulator";
				SUPPORTS_MACCATALYST = NO;
				SUPPORTS_XR_DESIGNED_FOR_IPHONE_IPAD = NO;
				SWIFT_APPROACHABLE_CONCURRENCY = YES;
				SWIFT_DEFAULT_ACTOR_ISOLATION = MainActor;
				SWIFT_EMIT_LOC_STRINGS = YES;
				SWIFT_UPCOMING_FEATURE_MEMBER_IMPORT_VISIBILITY = YES;
				SWIFT_VERSION = 5.0;
				TARGETED_DEVICE_FAMILY = "1,2";
			};
			name = Release;
		};
		519CF56E2EF3BBEC009C2829 /* Debug */ = {
			isa = XCBuildConfiguration;
			buildSettings = {
				BUNDLE_LOADER = "$(TEST_HOST)";
				CODE_SIGN_STYLE = Automatic;
				CURRENT_PROJECT_VERSION = 1;
				DEVELOPMENT_TEAM = ZH33H73W67;
				GENERATE_INFOPLIST_FILE = YES;
				IPHONEOS_DEPLOYMENT_TARGET = 26.2;
				MARKETING_VERSION = 1.0;
				PRODUCT_BUNDLE_IDENTIFIER = AMS.matthewmclellan.iScrapeTests;
				PRODUCT_NAME = "$(TARGET_NAME)";
				STRING_CATALOG_GENERATE_SYMBOLS = NO;
				SWIFT_APPROACHABLE_CONCURRENCY = YES;
				SWIFT_EMIT_LOC_STRINGS = NO;
				SWIFT_UPCOMING_FEATURE_MEMBER_IMPORT_VISIBILITY = YES;
				SWIFT_VERSION = 5.0;
				TARGETED_DEVICE_FAMILY = "1,2";
				TEST_HOST = "$(BUILT_PRODUCTS_DIR)/iScrape.app/$(BUNDLE_EXECUTABLE_FOLDER_PATH)/iScrape";
			};
			name = Debug;
		};
		519CF56F2EF3BBEC009C2829 /* Release */ = {
			isa = XCBuildConfiguration;
			buildSettings = {
				BUNDLE_LOADER = "$(TEST_HOST)";
				CODE_SIGN_STYLE = Automatic;
				CURRENT_PROJECT_VERSION = 1;
				DEVELOPMENT_TEAM = ZH33H73W67;
				GENERATE_INFOPLIST_FILE = YES;
				IPHONEOS_DEPLOYMENT_TARGET = 26.2;
				MARKETING_VERSION = 1.0;
				PRODUCT_BUNDLE_IDENTIFIER = AMS.matthewmclellan.iScrapeTests;
				PRODUCT_NAME = "$(TARGET_NAME)";
				STRING_CATALOG_GENERATE_SYMBOLS = NO;
				SWIFT_APPROACHABLE_CONCURRENCY = YES;
				SWIFT_EMIT_LOC_STRINGS = NO;
				SWIFT_UPCOMING_FEATURE_MEMBER_IMPORT_VISIBILITY = YES;
				SWIFT_VERSION = 5.0;
				TARGETED_DEVICE_FAMILY = "1,2";
				TEST_HOST = "$(BUILT_PRODUCTS_DIR)/iScrape.app/$(BUNDLE_EXECUTABLE_FOLDER_PATH)/iScrape";
			};
			name = Release;
		};
		519CF5712EF3BBEC009C2829 /* Debug */ = {
			isa = XCBuildConfiguration;
			buildSettings = {
				CODE_SIGN_STYLE = Automatic;
				CURRENT_PROJECT_VERSION = 1;
				DEVELOPMENT_TEAM = ZH33H73W67;
				GENERATE_INFOPLIST_FILE = YES;
				MARKETING_VERSION = 1.0;
				PRODUCT_BUNDLE_IDENTIFIER = AMS.matthewmclellan.iScrapeUITests;
				PRODUCT_NAME = "$(TARGET_NAME)";
				STRING_CATALOG_GENERATE_SYMBOLS = NO;
				SWIFT_APPROACHABLE_CONCURRENCY = YES;
				SWIFT_EMIT_LOC_STRINGS = NO;
				SWIFT_UPCOMING_FEATURE_MEMBER_IMPORT_VISIBILITY = YES;
				SWIFT_VERSION = 5.0;
				TARGETED_DEVICE_FAMILY = "1,2";
				TEST_TARGET_NAME = iScrape;
			};
			name = Debug;
		};
		519CF5722EF3BBEC009C2829 /* Release */ = {
			isa = XCBuildConfiguration;
			buildSettings = {
				CODE_SIGN_STYLE = Automatic;
				CURRENT_PROJECT_VERSION = 1;
				DEVELOPMENT_TEAM = ZH33H73W67;
				GENERATE_INFOPLIST_FILE = YES;
				MARKETING_VERSION = 1.0;
				PRODUCT_BUNDLE_IDENTIFIER = AMS.matthewmclellan.iScrapeUITests;
				PRODUCT_NAME = "$(TARGET_NAME)";
				STRING_CATALOG_GENERATE_SYMBOLS = NO;
				SWIFT_APPROACHABLE_CONCURRENCY = YES;
				SWIFT_EMIT_LOC_STRINGS = NO;
				SWIFT_UPCOMING_FEATURE_MEMBER_IMPORT_VISIBILITY = YES;
				SWIFT_VERSION = 5.0;
				TARGETED_DEVICE_FAMILY = "1,2";
				TEST_TARGET_NAME = iScrape;
			};
			name = Release;
		};
/* End XCBuildConfiguration section */

/* Begin XCConfigurationList section */
		519CF53F2EF3BBEA009C2829 /* Build configuration list for PBXProject "AM_Hirer" */ = {
			isa = XCConfigurationList;
			buildConfigurations = (
				519CF5682EF3BBEC009C2829 /* Debug */,
				519CF5692EF3BBEC009C2829 /* Release */,
			);
			defaultConfigurationIsVisible = 0;
			defaultConfigurationName = Release;
		};
		519CF56A2EF3BBEC009C2829 /* Build configuration list for PBXNativeTarget "AM_Hirer" */ = {
			isa = XCConfigurationList;
			buildConfigurations = (
				519CF56B2EF3BBEC009C2829 /* Debug */,
				519CF56C2EF3BBEC009C2829 /* Release */,
			);
			defaultConfigurationIsVisible = 0;
			defaultConfigurationName = Release;
		};
		519CF56D2EF3BBEC009C2829 /* Build configuration list for PBXNativeTarget "AM_HirerTests" */ = {
			isa = XCConfigurationList;
			buildConfigurations = (
				519CF56E2EF3BBEC009C2829 /* Debug */,
				519CF56F2EF3BBEC009C2829 /* Release */,
			);
			defaultConfigurationIsVisible = 0;
			defaultConfigurationName = Release;
		};
		519CF5702EF3BBEC009C2829 /* Build configuration list for PBXNativeTarget "AM_HirerUITests" */ = {
			isa = XCConfigurationList;
			buildConfigurations = (
				519CF5712EF3BBEC009C2829 /* Debug */,
				519CF5722EF3BBEC009C2829 /* Release */,
			);
			defaultConfigurationIsVisible = 0;
			defaultConfigurationName = Release;
		};
/* End XCConfigurationList section */

/* Begin XCLocalSwiftPackageReference section */
		517F7A452F191722001354E0 /* XCLocalSwiftPackageReference "../../../../../Downloads/SwiftKeychainWrapper-develop" */ = {
			isa = XCLocalSwiftPackageReference;
			relativePath = "../../../../../Downloads/SwiftKeychainWrapper-develop";
		};
/* End XCLocalSwiftPackageReference section */

/* Begin XCRemoteSwiftPackageReference section */
		517A6F802F19536600194821 /* XCRemoteSwiftPackageReference "Alamofire" */ = {
			isa = XCRemoteSwiftPackageReference;
			repositoryURL = "https://github.com/Alamofire/Alamofire.git";
			requirement = {
				kind = upToNextMajorVersion;
				minimumVersion = 5.11.0;
			};
		};
/* End XCRemoteSwiftPackageReference section */

/* Begin XCSwiftPackageProductDependency section */
		517F7A462F191722001354E0 /* SwiftKeychainWrapper */ = {
			isa = XCSwiftPackageProductDependency;
			productName = SwiftKeychainWrapper;
		};
		51AEFC042F1968DE00A901D9 /* Alamofire */ = {
			isa = XCSwiftPackageProductDependency;
			package = 517A6F802F19536600194821 /* XCRemoteSwiftPackageReference "Alamofire" */;
			productName = Alamofire;
		};
/* End XCSwiftPackageProductDependency section */
	};
	rootObject = 519CF53C2EF3BBEA009C2829 /* Project object */;
}
